
Microsoft Visual Studio Solution File, Format Version 12.00
# Visual Studio Version 16
VisualStudioVersion = 16.0.30907.101
MinimumVisualStudioVersion = 10.0.40219.1
Project("{FAE04EC0-301F-11D3-BF4B-00C04F79EFBC}") = "Threads", "MultyTrades\Threads.csproj", "{C0DB4441-9658-45B3-9685-B4A5674BEAB1}"
EndProject
Project("{FAE04EC0-301F-11D3-BF4B-00C04F79EFBC}") = "Delegate", "Delegate\Delegate.csproj", "{9FD73FCD-3E8F-4676-A648-E7714DBF5FF2}"
EndProject
Project("{FAE04EC0-301F-11D3-BF4B-00C04F79EFBC}") = "Linq", "Linq\Linq.csproj", "{7483448E-0B77-45C3-80D0-0ECA27803F4E}"
EndProject
Project("{FAE04EC0-301F-11D3-BF4B-00C04F79EFBC}") = "EventsDelegates", "EventsDelegates\EventsDelegates.csproj", "{DEA66843-02EA-4501-92ED-2F955D172F80}"
EndProject
Global
	GlobalSection(SolutionConfigurationPlatforms) = preSolution
		Debug|Any CPU = Debug|Any CPU
		Release|Any CPU = Release|Any CPU
	EndGlobalSection
	GlobalSection(ProjectConfigurationPlatforms) = postSolution
		{C0DB4441-9658-45B3-9685-B4A5674BEAB1}.Debug|Any CPU.ActiveCfg = Debug|Any CPU
		{C0DB4441-9658-45B3-9685-B4A5674BEAB1}.Debug|Any CPU.Build.0 = Debug|Any CPU
		{C0DB4441-9658-45B3-9685-B4A5674BEAB1}.Release|Any CPU.ActiveCfg = Release|Any CPU
		{C0DB4441-9658-45B3-9685-B4A5674BEAB1}.Release|Any CPU.Build.0 = Release|Any CPU
		{9FD73FCD-3E8F-4676-A648-E7714DBF5FF2}.Debug|Any CPU.ActiveCfg = Debug|Any CPU
		{9FD73FCD-3E8F-4676-A648-E7714DBF5FF2}.Debug|Any CPU.Build.0 = Debug|Any CPU
		{9FD73FCD-3E8F-4676-A648-E7714DBF5FF2}.Release|Any CPU.ActiveCfg = Release|Any CPU
		{9FD73FCD-3E8F-4676-A648-E7714DBF5FF2}.Release|Any CPU.Build.0 = Release|Any CPU
		{7483448E-0B77-45C3-80D0-0ECA27803F4E}.Debug|Any CPU.ActiveCfg = Debug|Any CPU
		{7483448E-0B77-45C3-80D0-0ECA27803F4E}.Debug|Any CPU.Build.0 = Debug|Any CPU
		{7483448E-0B77-45C3-80D0-0ECA27803F4E}.Release|Any CPU.ActiveCfg = Release|Any CPU
		{7483448E-0B77-45C3-80D0-0ECA27803F4E}.Release|Any CPU.Build.0 = Release|Any CPU
		{DEA66843-02EA-4501-92ED-2F955D172F80}.Debug|Any CPU.ActiveCfg = Debug|Any CPU
		{DEA66843-02EA-4501-92ED-2F955D172F80}.Debug|Any CPU.Build.0 = Debug|Any CPU
		{DEA66843-02EA-4501-92ED-2F955D172F80}.Release|Any CPU.ActiveCfg = Release|Any CPU
		{DEA66843-02EA-4501-92ED-2F955D172F80}.Release|Any CPU.Build.0 = Release|Any CPU
	EndGlobalSection
	GlobalSection(SolutionProperties) = preSolution
		HideSolutionNode = FALSE
	EndGlobalSection
	GlobalSection(ExtensibilityGlobals) = postSolution
		SolutionGuid = {30179BD1-8B92-4DD5-ABFB-055C53F8A059}
	EndGlobalSection
EndGlobal
